
Microsoft Visual Studio Solution File, Format Version 12.00
# Visual Studio Version 17
VisualStudioVersion = 17.8.34511.84
MinimumVisualStudioVersion = 10.0.40219.1
Project("{9A19103F-16F7-4668-BE54-9A1E7A4F7556}") = "Parcial1_Ap1_BraylinVasquez", "Parcial1_Ap1_BraylinVasquez.csproj", "{30A9AEAE-C949-466D-847E-F1F31F9D74EB}"
EndProject
Global
	GlobalSection(SolutionConfigurationPlatforms) = preSolution
		Debug|Any CPU = Debug|Any CPU
		Release|Any CPU = Release|Any CPU
	EndGlobalSection
	GlobalSection(ProjectConfigurationPlatforms) = postSolution
		{30A9AEAE-C949-466D-847E-F1F31F9D74EB}.Debug|Any CPU.ActiveCfg = Debug|Any CPU
		{30A9AEAE-C949-466D-847E-F1F31F9D74EB}.Debug|Any CPU.Build.0 = Debug|Any CPU
		{30A9AEAE-C949-466D-847E-F1F31F9D74EB}.Release|Any CPU.ActiveCfg = Release|Any CPU
		{30A9AEAE-C949-466D-847E-F1F31F9D74EB}.Release|Any CPU.Build.0 = Release|Any CPU
	EndGlobalSection
	GlobalSection(SolutionProperties) = preSolution
		HideSolutionNode = FALSE
	EndGlobalSection
	GlobalSection(ExtensibilityGlobals) = postSolution
		SolutionGuid = {2865A0D5-842A-406A-B3C6-1AF6A60ECD0A}
	EndGlobalSection
EndGlobal
